// !$*UTF8*$!
{
	archiveVersion = 1;
	classes = {
	};
	objectVersion = 52;
	objects = {

/* Begin PBXBuildFile section */
		4D3ACC502461D88800BCAB18 /* UserDefaultKeys.swift in Sources */ = {isa = PBXBuildFile; fileRef = 4D3ACC4F2461D88800BCAB18 /* UserDefaultKeys.swift */; };
		4DB3F6782453F7AC004C8BF3 /* AppDelegate.swift in Sources */ = {isa = PBXBuildFile; fileRef = 4DB3F6772453F7AC004C8BF3 /* AppDelegate.swift */; };
		4DB3F67A2453F7AC004C8BF3 /* SceneDelegate.swift in Sources */ = {isa = PBXBuildFile; fileRef = 4DB3F6792453F7AC004C8BF3 /* SceneDelegate.swift */; };
		4DB3F67C2453F7AC004C8BF3 /* WorkoutsViewController.swift in Sources */ = {isa = PBXBuildFile; fileRef = 4DB3F67B2453F7AC004C8BF3 /* WorkoutsViewController.swift */; };
		4DB3F67F2453F7AC004C8BF3 /* Main.storyboard in Resources */ = {isa = PBXBuildFile; fileRef = 4DB3F67D2453F7AC004C8BF3 /* Main.storyboard */; };
		4DB3F6812453F7B0004C8BF3 /* Assets.xcassets in Resources */ = {isa = PBXBuildFile; fileRef = 4DB3F6802453F7B0004C8BF3 /* Assets.xcassets */; };
		4DB3F6842453F7B0004C8BF3 /* LaunchScreen.storyboard in Resources */ = {isa = PBXBuildFile; fileRef = 4DB3F6822453F7B0004C8BF3 /* LaunchScreen.storyboard */; };
		4DB3F68E2453F7CF004C8BF3 /* HealthKit.framework in Frameworks */ = {isa = PBXBuildFile; fileRef = 4DB3F68D2453F7CF004C8BF3 /* HealthKit.framework */; };
		4DD70CBE245DBD98007C8D58 /* SDWebImage in Frameworks */ = {isa = PBXBuildFile; productRef = 4DD70CBD245DBD98007C8D58 /* SDWebImage */; };
		4DD70CC0245DBF44007C8D58 /* SettingsViewController.swift in Sources */ = {isa = PBXBuildFile; fileRef = 4DD70CBF245DBF44007C8D58 /* SettingsViewController.swift */; };
		4DD70CC2245DE64B007C8D58 /* Health.swift in Sources */ = {isa = PBXBuildFile; fileRef = 4DD70CC1245DE64B007C8D58 /* Health.swift */; };
		4DD70CC4245E5AFA007C8D58 /* 2020.csv in Resources */ = {isa = PBXBuildFile; fileRef = 4DD70CC3245E5AF9007C8D58 /* 2020.csv */; };
		4DD70CC7245E5BC4007C8D58 /* SwiftCSV in Frameworks */ = {isa = PBXBuildFile; productRef = 4DD70CC6245E5BC4007C8D58 /* SwiftCSV */; };
		4DD70CC9245E8414007C8D58 /* String+Date.swift in Sources */ = {isa = PBXBuildFile; fileRef = 4DD70CC8245E8414007C8D58 /* String+Date.swift */; };
		4DD70CCB246066DC007C8D58 /* WorkoutCell.swift in Sources */ = {isa = PBXBuildFile; fileRef = 4DD70CCA246066DC007C8D58 /* WorkoutCell.swift */; };
		4DD97E6B2457E4C000A9DFEE /* HKWorkoutActivityType+Name.swift in Sources */ = {isa = PBXBuildFile; fileRef = 4DD97E6A2457E4C000A9DFEE /* HKWorkoutActivityType+Name.swift */; };
		4DEA77F02454842A00554793 /* LoginViewController.swift in Sources */ = {isa = PBXBuildFile; fileRef = 4DEA77EF2454842A00554793 /* LoginViewController.swift */; };
		4DEA77F22454843400554793 /* GitHub.swift in Sources */ = {isa = PBXBuildFile; fileRef = 4DEA77F12454843400554793 /* GitHub.swift */; };
		4DEA77F5245484A800554793 /* SwiftyJSON in Frameworks */ = {isa = PBXBuildFile; productRef = 4DEA77F4245484A800554793 /* SwiftyJSON */; };
		4DEA77F8245484B500554793 /* KeychainAccess in Frameworks */ = {isa = PBXBuildFile; productRef = 4DEA77F7245484B500554793 /* KeychainAccess */; };
		4DEA77FB245484FF00554793 /* OctoKit in Frameworks */ = {isa = PBXBuildFile; productRef = 4DEA77FA245484FF00554793 /* OctoKit */; };
/* End PBXBuildFile section */

/* Begin PBXFileReference section */
		4D3ACC4F2461D88800BCAB18 /* UserDefaultKeys.swift */ = {isa = PBXFileReference; lastKnownFileType = sourcecode.swift; path = UserDefaultKeys.swift; sourceTree = "<group>"; };
		4DB3F6742453F7AC004C8BF3 /* Hadge.app */ = {isa = PBXFileReference; explicitFileType = wrapper.application; includeInIndex = 0; path = Hadge.app; sourceTree = BUILT_PRODUCTS_DIR; };
		4DB3F6772453F7AC004C8BF3 /* AppDelegate.swift */ = {isa = PBXFileReference; lastKnownFileType = sourcecode.swift; path = AppDelegate.swift; sourceTree = "<group>"; };
		4DB3F6792453F7AC004C8BF3 /* SceneDelegate.swift */ = {isa = PBXFileReference; lastKnownFileType = sourcecode.swift; path = SceneDelegate.swift; sourceTree = "<group>"; };
		4DB3F67B2453F7AC004C8BF3 /* WorkoutsViewController.swift */ = {isa = PBXFileReference; lastKnownFileType = sourcecode.swift; path = WorkoutsViewController.swift; sourceTree = "<group>"; };
		4DB3F67E2453F7AC004C8BF3 /* Base */ = {isa = PBXFileReference; lastKnownFileType = file.storyboard; name = Base; path = Base.lproj/Main.storyboard; sourceTree = "<group>"; };
		4DB3F6802453F7B0004C8BF3 /* Assets.xcassets */ = {isa = PBXFileReference; lastKnownFileType = folder.assetcatalog; path = Assets.xcassets; sourceTree = "<group>"; };
		4DB3F6832453F7B0004C8BF3 /* Base */ = {isa = PBXFileReference; lastKnownFileType = file.storyboard; name = Base; path = Base.lproj/LaunchScreen.storyboard; sourceTree = "<group>"; };
		4DB3F6852453F7B0004C8BF3 /* Info.plist */ = {isa = PBXFileReference; lastKnownFileType = text.plist.xml; path = Info.plist; sourceTree = "<group>"; };
		4DB3F68B2453F7CE004C8BF3 /* Hadge.entitlements */ = {isa = PBXFileReference; lastKnownFileType = text.plist.entitlements; path = Hadge.entitlements; sourceTree = "<group>"; };
		4DB3F68D2453F7CF004C8BF3 /* HealthKit.framework */ = {isa = PBXFileReference; lastKnownFileType = wrapper.framework; name = HealthKit.framework; path = System/Library/Frameworks/HealthKit.framework; sourceTree = SDKROOT; };
		4DD70CBF245DBF44007C8D58 /* SettingsViewController.swift */ = {isa = PBXFileReference; fileEncoding = 4; lastKnownFileType = sourcecode.swift; path = SettingsViewController.swift; sourceTree = "<group>"; };
		4DD70CC1245DE64B007C8D58 /* Health.swift */ = {isa = PBXFileReference; lastKnownFileType = sourcecode.swift; path = Health.swift; sourceTree = "<group>"; };
		4DD70CC3245E5AF9007C8D58 /* 2020.csv */ = {isa = PBXFileReference; lastKnownFileType = text; name = 2020.csv; path = .assets/2020.csv; sourceTree = SOURCE_ROOT; };
		4DD70CC8245E8414007C8D58 /* String+Date.swift */ = {isa = PBXFileReference; lastKnownFileType = sourcecode.swift; path = "String+Date.swift"; sourceTree = "<group>"; };
		4DD70CCA246066DC007C8D58 /* WorkoutCell.swift */ = {isa = PBXFileReference; lastKnownFileType = sourcecode.swift; path = WorkoutCell.swift; sourceTree = "<group>"; };
		4DD97E6A2457E4C000A9DFEE /* HKWorkoutActivityType+Name.swift */ = {isa = PBXFileReference; lastKnownFileType = sourcecode.swift; path = "HKWorkoutActivityType+Name.swift"; sourceTree = "<group>"; };
		4DEA77EF2454842A00554793 /* LoginViewController.swift */ = {isa = PBXFileReference; fileEncoding = 4; lastKnownFileType = sourcecode.swift; path = LoginViewController.swift; sourceTree = "<group>"; };
		4DEA77F12454843400554793 /* GitHub.swift */ = {isa = PBXFileReference; fileEncoding = 4; lastKnownFileType = sourcecode.swift; path = GitHub.swift; sourceTree = "<group>"; };
/* End PBXFileReference section */

/* Begin PBXFrameworksBuildPhase section */
		4DB3F6712453F7AC004C8BF3 /* Frameworks */ = {
			isa = PBXFrameworksBuildPhase;
			buildActionMask = 2147483647;
			files = (
				4DEA77FB245484FF00554793 /* OctoKit in Frameworks */,
				4DEA77F5245484A800554793 /* SwiftyJSON in Frameworks */,
				4DB3F68E2453F7CF004C8BF3 /* HealthKit.framework in Frameworks */,
				4DD70CC7245E5BC4007C8D58 /* SwiftCSV in Frameworks */,
				4DEA77F8245484B500554793 /* KeychainAccess in Frameworks */,
				4DD70CBE245DBD98007C8D58 /* SDWebImage in Frameworks */,
			);
			runOnlyForDeploymentPostprocessing = 0;
		};
/* End PBXFrameworksBuildPhase section */

/* Begin PBXGroup section */
		4DB3F66B2453F7AC004C8BF3 = {
			isa = PBXGroup;
			children = (
				4DB3F6762453F7AC004C8BF3 /* Hadge */,
				4DB3F6752453F7AC004C8BF3 /* Products */,
				4DB3F68C2453F7CF004C8BF3 /* Frameworks */,
			);
			sourceTree = "<group>";
		};
		4DB3F6752453F7AC004C8BF3 /* Products */ = {
			isa = PBXGroup;
			children = (
				4DB3F6742453F7AC004C8BF3 /* Hadge.app */,
			);
			name = Products;
			sourceTree = "<group>";
		};
		4DB3F6762453F7AC004C8BF3 /* Hadge */ = {
			isa = PBXGroup;
			children = (
				4DD70CC3245E5AF9007C8D58 /* 2020.csv */,
				4DB3F6772453F7AC004C8BF3 /* AppDelegate.swift */,
				4DB3F6802453F7B0004C8BF3 /* Assets.xcassets */,
				4DEA77F12454843400554793 /* GitHub.swift */,
				4DB3F68B2453F7CE004C8BF3 /* Hadge.entitlements */,
				4DD70CC1245DE64B007C8D58 /* Health.swift */,
				4DD97E6A2457E4C000A9DFEE /* HKWorkoutActivityType+Name.swift */,
				4DB3F6852453F7B0004C8BF3 /* Info.plist */,
				4DB3F6822453F7B0004C8BF3 /* LaunchScreen.storyboard */,
				4DEA77EF2454842A00554793 /* LoginViewController.swift */,
				4DB3F67D2453F7AC004C8BF3 /* Main.storyboard */,
				4DB3F6792453F7AC004C8BF3 /* SceneDelegate.swift */,
				4DD70CBF245DBF44007C8D58 /* SettingsViewController.swift */,
				4DD70CC8245E8414007C8D58 /* String+Date.swift */,
				4D3ACC4F2461D88800BCAB18 /* UserDefaultKeys.swift */,
				4DD70CCA246066DC007C8D58 /* WorkoutCell.swift */,
				4DB3F67B2453F7AC004C8BF3 /* WorkoutsViewController.swift */,
			);
			path = Hadge;
			sourceTree = "<group>";
		};
		4DB3F68C2453F7CF004C8BF3 /* Frameworks */ = {
			isa = PBXGroup;
			children = (
				4DB3F68D2453F7CF004C8BF3 /* HealthKit.framework */,
			);
			name = Frameworks;
			sourceTree = "<group>";
		};
/* End PBXGroup section */

/* Begin PBXNativeTarget section */
		4DB3F6732453F7AC004C8BF3 /* Hadge */ = {
			isa = PBXNativeTarget;
			buildConfigurationList = 4DB3F6882453F7B0004C8BF3 /* Build configuration list for PBXNativeTarget "Hadge" */;
			buildPhases = (
				4DB3F6702453F7AC004C8BF3 /* Sources */,
				4DB3F6712453F7AC004C8BF3 /* Frameworks */,
				4DB3F6722453F7AC004C8BF3 /* Resources */,
				4DB3F68F2453FB3C004C8BF3 /* ShellScript */,
			);
			buildRules = (
			);
			dependencies = (
			);
			name = Hadge;
			packageProductDependencies = (
				4DEA77F4245484A800554793 /* SwiftyJSON */,
				4DEA77F7245484B500554793 /* KeychainAccess */,
				4DEA77FA245484FF00554793 /* OctoKit */,
				4DD70CBD245DBD98007C8D58 /* SDWebImage */,
				4DD70CC6245E5BC4007C8D58 /* SwiftCSV */,
			);
			productName = Hadge;
			productReference = 4DB3F6742453F7AC004C8BF3 /* Hadge.app */;
			productType = "com.apple.product-type.application";
		};
/* End PBXNativeTarget section */

/* Begin PBXProject section */
		4DB3F66C2453F7AC004C8BF3 /* Project object */ = {
			isa = PBXProject;
			attributes = {
				LastSwiftUpdateCheck = 1140;
				LastUpgradeCheck = 1140;
				ORGANIZATIONNAME = Entire;
				TargetAttributes = {
					4DB3F6732453F7AC004C8BF3 = {
						CreatedOnToolsVersion = 11.4.1;
					};
				};
			};
			buildConfigurationList = 4DB3F66F2453F7AC004C8BF3 /* Build configuration list for PBXProject "Hadge" */;
			compatibilityVersion = "Xcode 9.3";
			developmentRegion = en;
			hasScannedForEncodings = 0;
			knownRegions = (
				en,
				Base,
			);
			mainGroup = 4DB3F66B2453F7AC004C8BF3;
			packageReferences = (
				4DEA77F3245484A800554793 /* XCRemoteSwiftPackageReference "SwiftyJSON" */,
				4DEA77F6245484B500554793 /* XCRemoteSwiftPackageReference "KeychainAccess" */,
				4DEA77F9245484FF00554793 /* XCRemoteSwiftPackageReference "octokit" */,
				4DD70CBC245DBD98007C8D58 /* XCRemoteSwiftPackageReference "SDWebImage" */,
				4DD70CC5245E5BC4007C8D58 /* XCRemoteSwiftPackageReference "SwiftCSV" */,
			);
			productRefGroup = 4DB3F6752453F7AC004C8BF3 /* Products */;
			projectDirPath = "";
			projectRoot = "";
			targets = (
				4DB3F6732453F7AC004C8BF3 /* Hadge */,
			);
		};
/* End PBXProject section */

/* Begin PBXResourcesBuildPhase section */
		4DB3F6722453F7AC004C8BF3 /* Resources */ = {
			isa = PBXResourcesBuildPhase;
			buildActionMask = 2147483647;
			files = (
				4DB3F6842453F7B0004C8BF3 /* LaunchScreen.storyboard in Resources */,
				4DB3F6812453F7B0004C8BF3 /* Assets.xcassets in Resources */,
				4DD70CC4245E5AFA007C8D58 /* 2020.csv in Resources */,
				4DB3F67F2453F7AC004C8BF3 /* Main.storyboard in Resources */,
			);
			runOnlyForDeploymentPostprocessing = 0;
		};
/* End PBXResourcesBuildPhase section */

/* Begin PBXShellScriptBuildPhase section */
		4DB3F68F2453FB3C004C8BF3 /* ShellScript */ = {
			isa = PBXShellScriptBuildPhase;
			buildActionMask = 2147483647;
			files = (
			);
			inputFileListPaths = (
			);
			inputPaths = (
			);
			outputFileListPaths = (
			);
			outputPaths = (
			);
			runOnlyForDeploymentPostprocessing = 0;
			shellPath = /bin/sh;
			shellScript = "# Type a script or drag a script file from your workspace to insert its path.\nswiftlint\n";
		};
/* End PBXShellScriptBuildPhase section */

/* Begin PBXSourcesBuildPhase section */
		4DB3F6702453F7AC004C8BF3 /* Sources */ = {
			isa = PBXSourcesBuildPhase;
			buildActionMask = 2147483647;
			files = (
				4DEA77F22454843400554793 /* GitHub.swift in Sources */,
				4DD70CCB246066DC007C8D58 /* WorkoutCell.swift in Sources */,
				4DEA77F02454842A00554793 /* LoginViewController.swift in Sources */,
				4DD70CC0245DBF44007C8D58 /* SettingsViewController.swift in Sources */,
				4DB3F67C2453F7AC004C8BF3 /* WorkoutsViewController.swift in Sources */,
				4D3ACC502461D88800BCAB18 /* UserDefaultKeys.swift in Sources */,
				4DB3F6782453F7AC004C8BF3 /* AppDelegate.swift in Sources */,
				4DD70CC2245DE64B007C8D58 /* Health.swift in Sources */,
				4DD97E6B2457E4C000A9DFEE /* HKWorkoutActivityType+Name.swift in Sources */,
				4DD70CC9245E8414007C8D58 /* String+Date.swift in Sources */,
				4DB3F67A2453F7AC004C8BF3 /* SceneDelegate.swift in Sources */,
			);
			runOnlyForDeploymentPostprocessing = 0;
		};
/* End PBXSourcesBuildPhase section */

/* Begin PBXVariantGroup section */
		4DB3F67D2453F7AC004C8BF3 /* Main.storyboard */ = {
			isa = PBXVariantGroup;
			children = (
				4DB3F67E2453F7AC004C8BF3 /* Base */,
			);
			name = Main.storyboard;
			sourceTree = "<group>";
		};
		4DB3F6822453F7B0004C8BF3 /* LaunchScreen.storyboard */ = {
			isa = PBXVariantGroup;
			children = (
				4DB3F6832453F7B0004C8BF3 /* Base */,
			);
			name = LaunchScreen.storyboard;
			sourceTree = "<group>";
		};
/* End PBXVariantGroup section */

/* Begin XCBuildConfiguration section */
		4DB3F6862453F7B0004C8BF3 /* Debug */ = {
			isa = XCBuildConfiguration;
			buildSettings = {
				ALWAYS_SEARCH_USER_PATHS = NO;
				CLANG_ANALYZER_NONNULL = YES;
				CLANG_ANALYZER_NUMBER_OBJECT_CONVERSION = YES_AGGRESSIVE;
				CLANG_CXX_LANGUAGE_STANDARD = "gnu++14";
				CLANG_CXX_LIBRARY = "libc++";
				CLANG_ENABLE_MODULES = YES;
				CLANG_ENABLE_OBJC_ARC = YES;
				CLANG_ENABLE_OBJC_WEAK = YES;
				CLANG_WARN_BLOCK_CAPTURE_AUTORELEASING = YES;
				CLANG_WARN_BOOL_CONVERSION = YES;
				CLANG_WARN_COMMA = YES;
				CLANG_WARN_CONSTANT_CONVERSION = YES;
				CLANG_WARN_DEPRECATED_OBJC_IMPLEMENTATIONS = YES;
				CLANG_WARN_DIRECT_OBJC_ISA_USAGE = YES_ERROR;
				CLANG_WARN_DOCUMENTATION_COMMENTS = YES;
				CLANG_WARN_EMPTY_BODY = YES;
				CLANG_WARN_ENUM_CONVERSION = YES;
				CLANG_WARN_INFINITE_RECURSION = YES;
				CLANG_WARN_INT_CONVERSION = YES;
				CLANG_WARN_NON_LITERAL_NULL_CONVERSION = YES;
				CLANG_WARN_OBJC_IMPLICIT_RETAIN_SELF = YES;
				CLANG_WARN_OBJC_LITERAL_CONVERSION = YES;
				CLANG_WARN_OBJC_ROOT_CLASS = YES_ERROR;
				CLANG_WARN_RANGE_LOOP_ANALYSIS = YES;
				CLANG_WARN_STRICT_PROTOTYPES = YES;
				CLANG_WARN_SUSPICIOUS_MOVE = YES;
				CLANG_WARN_UNGUARDED_AVAILABILITY = YES_AGGRESSIVE;
				CLANG_WARN_UNREACHABLE_CODE = YES;
				CLANG_WARN__DUPLICATE_METHOD_MATCH = YES;
				COPY_PHASE_STRIP = NO;
				DEBUG_INFORMATION_FORMAT = dwarf;
				ENABLE_STRICT_OBJC_MSGSEND = YES;
				ENABLE_TESTABILITY = YES;
				GCC_C_LANGUAGE_STANDARD = gnu11;
				GCC_DYNAMIC_NO_PIC = NO;
				GCC_NO_COMMON_BLOCKS = YES;
				GCC_OPTIMIZATION_LEVEL = 0;
				GCC_PREPROCESSOR_DEFINITIONS = (
					"DEBUG=1",
					"$(inherited)",
				);
				GCC_WARN_64_TO_32_BIT_CONVERSION = YES;
				GCC_WARN_ABOUT_RETURN_TYPE = YES_ERROR;
				GCC_WARN_UNDECLARED_SELECTOR = YES;
				GCC_WARN_UNINITIALIZED_AUTOS = YES_AGGRESSIVE;
				GCC_WARN_UNUSED_FUNCTION = YES;
				GCC_WARN_UNUSED_VARIABLE = YES;
				IPHONEOS_DEPLOYMENT_TARGET = 13.4;
				MTL_ENABLE_DEBUG_INFO = INCLUDE_SOURCE;
				MTL_FAST_MATH = YES;
				ONLY_ACTIVE_ARCH = YES;
				SDKROOT = iphoneos;
				SWIFT_ACTIVE_COMPILATION_CONDITIONS = DEBUG;
				SWIFT_OPTIMIZATION_LEVEL = "-Onone";
			};
			name = Debug;
		};
		4DB3F6872453F7B0004C8BF3 /* Release */ = {
			isa = XCBuildConfiguration;
			buildSettings = {
				ALWAYS_SEARCH_USER_PATHS = NO;
				CLANG_ANALYZER_NONNULL = YES;
				CLANG_ANALYZER_NUMBER_OBJECT_CONVERSION = YES_AGGRESSIVE;
				CLANG_CXX_LANGUAGE_STANDARD = "gnu++14";
				CLANG_CXX_LIBRARY = "libc++";
				CLANG_ENABLE_MODULES = YES;
				CLANG_ENABLE_OBJC_ARC = YES;
				CLANG_ENABLE_OBJC_WEAK = YES;
				CLANG_WARN_BLOCK_CAPTURE_AUTORELEASING = YES;
				CLANG_WARN_BOOL_CONVERSION = YES;
				CLANG_WARN_COMMA = YES;
				CLANG_WARN_CONSTANT_CONVERSION = YES;
				CLANG_WARN_DEPRECATED_OBJC_IMPLEMENTATIONS = YES;
				CLANG_WARN_DIRECT_OBJC_ISA_USAGE = YES_ERROR;
				CLANG_WARN_DOCUMENTATION_COMMENTS = YES;
				CLANG_WARN_EMPTY_BODY = YES;
				CLANG_WARN_ENUM_CONVERSION = YES;
				CLANG_WARN_INFINITE_RECURSION = YES;
				CLANG_WARN_INT_CONVERSION = YES;
				CLANG_WARN_NON_LITERAL_NULL_CONVERSION = YES;
				CLANG_WARN_OBJC_IMPLICIT_RETAIN_SELF = YES;
				CLANG_WARN_OBJC_LITERAL_CONVERSION = YES;
				CLANG_WARN_OBJC_ROOT_CLASS = YES_ERROR;
				CLANG_WARN_RANGE_LOOP_ANALYSIS = YES;
				CLANG_WARN_STRICT_PROTOTYPES = YES;
				CLANG_WARN_SUSPICIOUS_MOVE = YES;
				CLANG_WARN_UNGUARDED_AVAILABILITY = YES_AGGRESSIVE;
				CLANG_WARN_UNREACHABLE_CODE = YES;
				CLANG_WARN__DUPLICATE_METHOD_MATCH = YES;
				COPY_PHASE_STRIP = NO;
				DEBUG_INFORMATION_FORMAT = "dwarf-with-dsym";
				ENABLE_NS_ASSERTIONS = NO;
				ENABLE_STRICT_OBJC_MSGSEND = YES;
				GCC_C_LANGUAGE_STANDARD = gnu11;
				GCC_NO_COMMON_BLOCKS = YES;
				GCC_WARN_64_TO_32_BIT_CONVERSION = YES;
				GCC_WARN_ABOUT_RETURN_TYPE = YES_ERROR;
				GCC_WARN_UNDECLARED_SELECTOR = YES;
				GCC_WARN_UNINITIALIZED_AUTOS = YES_AGGRESSIVE;
				GCC_WARN_UNUSED_FUNCTION = YES;
				GCC_WARN_UNUSED_VARIABLE = YES;
				IPHONEOS_DEPLOYMENT_TARGET = 13.4;
				MTL_ENABLE_DEBUG_INFO = NO;
				MTL_FAST_MATH = YES;
				SDKROOT = iphoneos;
				SWIFT_COMPILATION_MODE = wholemodule;
				SWIFT_OPTIMIZATION_LEVEL = "-O";
				VALIDATE_PRODUCT = YES;
			};
			name = Release;
		};
		4DB3F6892453F7B0004C8BF3 /* Debug */ = {
			isa = XCBuildConfiguration;
			buildSettings = {
				ASSETCATALOG_COMPILER_APPICON_NAME = AppIcon;
				CODE_SIGN_ENTITLEMENTS = Hadge/Hadge.entitlements;
				CODE_SIGN_STYLE = Automatic;
				DEVELOPMENT_TEAM = Q25LVLEHFB;
				INFOPLIST_FILE = Hadge/Info.plist;
				LD_RUNPATH_SEARCH_PATHS = (
					"$(inherited)",
					"@executable_path/Frameworks",
				);
				PRODUCT_BUNDLE_IDENTIFIER = io.entire.Hadge;
				PRODUCT_NAME = "$(TARGET_NAME)";
				SWIFT_VERSION = 5.0;
				TARGETED_DEVICE_FAMILY = 1;
			};
			name = Debug;
		};
		4DB3F68A2453F7B0004C8BF3 /* Release */ = {
			isa = XCBuildConfiguration;
			buildSettings = {
				ASSETCATALOG_COMPILER_APPICON_NAME = AppIcon;
				CODE_SIGN_ENTITLEMENTS = Hadge/Hadge.entitlements;
				CODE_SIGN_STYLE = Automatic;
				DEVELOPMENT_TEAM = Q25LVLEHFB;
				INFOPLIST_FILE = Hadge/Info.plist;
				LD_RUNPATH_SEARCH_PATHS = (
					"$(inherited)",
					"@executable_path/Frameworks",
				);
				PRODUCT_BUNDLE_IDENTIFIER = io.entire.Hadge;
				PRODUCT_NAME = "$(TARGET_NAME)";
				SWIFT_VERSION = 5.0;
				TARGETED_DEVICE_FAMILY = 1;
			};
			name = Release;
		};
/* End XCBuildConfiguration section */

/* Begin XCConfigurationList section */
		4DB3F66F2453F7AC004C8BF3 /* Build configuration list for PBXProject "Hadge" */ = {
			isa = XCConfigurationList;
			buildConfigurations = (
				4DB3F6862453F7B0004C8BF3 /* Debug */,
				4DB3F6872453F7B0004C8BF3 /* Release */,
			);
			defaultConfigurationIsVisible = 0;
			defaultConfigurationName = Release;
		};
		4DB3F6882453F7B0004C8BF3 /* Build configuration list for PBXNativeTarget "Hadge" */ = {
			isa = XCConfigurationList;
			buildConfigurations = (
				4DB3F6892453F7B0004C8BF3 /* Debug */,
				4DB3F68A2453F7B0004C8BF3 /* Release */,
			);
			defaultConfigurationIsVisible = 0;
			defaultConfigurationName = Release;
		};
/* End XCConfigurationList section */

/* Begin XCRemoteSwiftPackageReference section */
		4DD70CBC245DBD98007C8D58 /* XCRemoteSwiftPackageReference "SDWebImage" */ = {
			isa = XCRemoteSwiftPackageReference;
			repositoryURL = "https://github.com/SDWebImage/SDWebImage.git";
			requirement = {
				kind = upToNextMajorVersion;
				minimumVersion = 5.7.3;
			};
		};
		4DD70CC5245E5BC4007C8D58 /* XCRemoteSwiftPackageReference "SwiftCSV" */ = {
			isa = XCRemoteSwiftPackageReference;
			repositoryURL = "https://github.com/swiftcsv/SwiftCSV";
			requirement = {
				kind = upToNextMajorVersion;
				minimumVersion = 0.5.6;
			};
		};
		4DEA77F3245484A800554793 /* XCRemoteSwiftPackageReference "SwiftyJSON" */ = {
			isa = XCRemoteSwiftPackageReference;
			repositoryURL = "https://github.com/SwiftyJSON/SwiftyJSON.git";
			requirement = {
				kind = upToNextMajorVersion;
				minimumVersion = 5.0.0;
			};
		};
		4DEA77F6245484B500554793 /* XCRemoteSwiftPackageReference "KeychainAccess" */ = {
			isa = XCRemoteSwiftPackageReference;
			repositoryURL = "https://github.com/kishikawakatsumi/KeychainAccess.git";
			requirement = {
				kind = upToNextMajorVersion;
				minimumVersion = 4.1.0;
			};
		};
		4DEA77F9245484FF00554793 /* XCRemoteSwiftPackageReference "octokit" */ = {
			isa = XCRemoteSwiftPackageReference;
			repositoryURL = "https://github.com/nerdishbynature/octokit.swift";
			requirement = {
				kind = upToNextMajorVersion;
				minimumVersion = 0.10.1;
			};
		};
/* End XCRemoteSwiftPackageReference section */

/* Begin XCSwiftPackageProductDependency section */
		4DD70CBD245DBD98007C8D58 /* SDWebImage */ = {
			isa = XCSwiftPackageProductDependency;
			package = 4DD70CBC245DBD98007C8D58 /* XCRemoteSwiftPackageReference "SDWebImage" */;
			productName = SDWebImage;
		};
		4DD70CC6245E5BC4007C8D58 /* SwiftCSV */ = {
			isa = XCSwiftPackageProductDependency;
			package = 4DD70CC5245E5BC4007C8D58 /* XCRemoteSwiftPackageReference "SwiftCSV" */;
			productName = SwiftCSV;
		};
		4DEA77F4245484A800554793 /* SwiftyJSON */ = {
			isa = XCSwiftPackageProductDependency;
			package = 4DEA77F3245484A800554793 /* XCRemoteSwiftPackageReference "SwiftyJSON" */;
			productName = SwiftyJSON;
		};
		4DEA77F7245484B500554793 /* KeychainAccess */ = {
			isa = XCSwiftPackageProductDependency;
			package = 4DEA77F6245484B500554793 /* XCRemoteSwiftPackageReference "KeychainAccess" */;
			productName = KeychainAccess;
		};
		4DEA77FA245484FF00554793 /* OctoKit */ = {
			isa = XCSwiftPackageProductDependency;
			package = 4DEA77F9245484FF00554793 /* XCRemoteSwiftPackageReference "octokit" */;
			productName = OctoKit;
		};
/* End XCSwiftPackageProductDependency section */
	};
	rootObject = 4DB3F66C2453F7AC004C8BF3 /* Project object */;
}
